// !$*UTF8*$!
{
	archiveVersion = 1;
	classes = {
	};
	objectVersion = 46;
	objects = {

/* Begin PBXBuildFile section */
		4B75D8A91A98C40B00A39394 /* AppDelegate.swift in Sources */ = {isa = PBXBuildFile; fileRef = 4B75D8A81A98C40B00A39394 /* AppDelegate.swift */; };
		4B75D8AB1A98C40B00A39394 /* ViewController.swift in Sources */ = {isa = PBXBuildFile; fileRef = 4B75D8AA1A98C40B00A39394 /* ViewController.swift */; };
		4B75D8AE1A98C40B00A39394 /* Main.storyboard in Resources */ = {isa = PBXBuildFile; fileRef = 4B75D8AC1A98C40B00A39394 /* Main.storyboard */; };
		4B75D8B01A98C40B00A39394 /* Images.xcassets in Resources */ = {isa = PBXBuildFile; fileRef = 4B75D8AF1A98C40B00A39394 /* Images.xcassets */; };
		4B75D8B31A98C40B00A39394 /* LaunchScreen.xib in Resources */ = {isa = PBXBuildFile; fileRef = 4B75D8B11A98C40B00A39394 /* LaunchScreen.xib */; };
		4B75D8BF1A98C40B00A39394 /* scrollview_swiftTests.swift in Sources */ = {isa = PBXBuildFile; fileRef = 4B75D8BE1A98C40B00A39394 /* scrollview_swiftTests.swift */; };
		4B75D8CB1A98C49300A39394 /* IMG_0604.JPG in Resources */ = {isa = PBXBuildFile; fileRef = 4B75D8C81A98C49300A39394 /* IMG_0604.JPG */; };
		4B75D8CC1A98C49300A39394 /* IMG_0582.JPG in Resources */ = {isa = PBXBuildFile; fileRef = 4B75D8C91A98C49300A39394 /* IMG_0582.JPG */; };
		4B75D8CD1A98C49300A39394 /* IMG_0585.JPG in Resources */ = {isa = PBXBuildFile; fileRef = 4B75D8CA1A98C49300A39394 /* IMG_0585.JPG */; };
/* End PBXBuildFile section */

/* Begin PBXContainerItemProxy section */
		4B75D8B91A98C40B00A39394 /* PBXContainerItemProxy */ = {
			isa = PBXContainerItemProxy;
			containerPortal = 4B75D89B1A98C40B00A39394 /* Project object */;
			proxyType = 1;
			remoteGlobalIDString = 4B75D8A21A98C40B00A39394;
			remoteInfo = "scrollview swift";
		};
/* End PBXContainerItemProxy section */

/* Begin PBXFileReference section */
		4B75D8A31A98C40B00A39394 /* scrollview swift.app */ = {isa = PBXFileReference; explicitFileType = wrapper.application; includeInIndex = 0; path = "scrollview swift.app"; sourceTree = BUILT_PRODUCTS_DIR; };
		4B75D8A71A98C40B00A39394 /* Info.plist */ = {isa = PBXFileReference; lastKnownFileType = text.plist.xml; path = Info.plist; sourceTree = "<group>"; };
		4B75D8A81A98C40B00A39394 /* AppDelegate.swift */ = {isa = PBXFileReference; lastKnownFileType = sourcecode.swift; path = AppDelegate.swift; sourceTree = "<group>"; };
		4B75D8AA1A98C40B00A39394 /* ViewController.swift */ = {isa = PBXFileReference; lastKnownFileType = sourcecode.swift; path = ViewController.swift; sourceTree = "<group>"; };
		4B75D8AD1A98C40B00A39394 /* Base */ = {isa = PBXFileReference; lastKnownFileType = file.storyboard; name = Base; path = Base.lproj/Main.storyboard; sourceTree = "<group>"; };
		4B75D8AF1A98C40B00A39394 /* Images.xcassets */ = {isa = PBXFileReference; lastKnownFileType = folder.assetcatalog; path = Images.xcassets; sourceTree = "<group>"; };
		4B75D8B21A98C40B00A39394 /* Base */ = {isa = PBXFileReference; lastKnownFileType = file.xib; name = Base; path = Base.lproj/LaunchScreen.xib; sourceTree = "<group>"; };
		4B75D8B81A98C40B00A39394 /* scrollview swiftTests.xctest */ = {isa = PBXFileReference; explicitFileType = wrapper.cfbundle; includeInIndex = 0; path = "scrollview swiftTests.xctest"; sourceTree = BUILT_PRODUCTS_DIR; };
		4B75D8BD1A98C40B00A39394 /* Info.plist */ = {isa = PBXFileReference; lastKnownFileType = text.plist.xml; path = Info.plist; sourceTree = "<group>"; };
		4B75D8BE1A98C40B00A39394 /* scrollview_swiftTests.swift */ = {isa = PBXFileReference; lastKnownFileType = sourcecode.swift; path = scrollview_swiftTests.swift; sourceTree = "<group>"; };
		4B75D8C81A98C49300A39394 /* IMG_0604.JPG */ = {isa = PBXFileReference; lastKnownFileType = image.jpeg; path = IMG_0604.JPG; sourceTree = "<group>"; };
		4B75D8C91A98C49300A39394 /* IMG_0582.JPG */ = {isa = PBXFileReference; lastKnownFileType = image.jpeg; path = IMG_0582.JPG; sourceTree = "<group>"; };
		4B75D8CA1A98C49300A39394 /* IMG_0585.JPG */ = {isa = PBXFileReference; lastKnownFileType = image.jpeg; path = IMG_0585.JPG; sourceTree = "<group>"; };
/* End PBXFileReference section */

/* Begin PBXFrameworksBuildPhase section */
		4B75D8A01A98C40B00A39394 /* Frameworks */ = {
			isa = PBXFrameworksBuildPhase;
			buildActionMask = 2147483647;
			files = (
			);
			runOnlyForDeploymentPostprocessing = 0;
		};
		4B75D8B51A98C40B00A39394 /* Frameworks */ = {
			isa = PBXFrameworksBuildPhase;
			buildActionMask = 2147483647;
			files = (
			);
			runOnlyForDeploymentPostprocessing = 0;
		};
/* End PBXFrameworksBuildPhase section */

/* Begin PBXGroup section */
		4B75D89A1A98C40B00A39394 = {
			isa = PBXGroup;
			children = (
				4B75D8A51A98C40B00A39394 /* scrollview swift */,
				4B75D8BB1A98C40B00A39394 /* scrollview swiftTests */,
				4B75D8A41A98C40B00A39394 /* Products */,
			);
			sourceTree = "<group>";
		};
		4B75D8A41A98C40B00A39394 /* Products */ = {
			isa = PBXGroup;
			children = (
				4B75D8A31A98C40B00A39394 /* scrollview swift.app */,
				4B75D8B81A98C40B00A39394 /* scrollview swiftTests.xctest */,
			);
			name = Products;
			sourceTree = "<group>";
		};
		4B75D8A51A98C40B00A39394 /* scrollview swift */ = {
			isa = PBXGroup;
			children = (
				4B75D8A81A98C40B00A39394 /* AppDelegate.swift */,
				4B75D8AA1A98C40B00A39394 /* ViewController.swift */,
				4B75D8AC1A98C40B00A39394 /* Main.storyboard */,
				4B75D8AF1A98C40B00A39394 /* Images.xcassets */,
				4B75D8B11A98C40B00A39394 /* LaunchScreen.xib */,
				4B75D8A61A98C40B00A39394 /* Supporting Files */,
			);
			path = "scrollview swift";
			sourceTree = "<group>";
		};
		4B75D8A61A98C40B00A39394 /* Supporting Files */ = {
			isa = PBXGroup;
			children = (
				4B75D8C81A98C49300A39394 /* IMG_0604.JPG */,
				4B75D8C91A98C49300A39394 /* IMG_0582.JPG */,
				4B75D8CA1A98C49300A39394 /* IMG_0585.JPG */,
				4B75D8A71A98C40B00A39394 /* Info.plist */,
			);
			name = "Supporting Files";
			sourceTree = "<group>";
		};
		4B75D8BB1A98C40B00A39394 /* scrollview swiftTests */ = {
			isa = PBXGroup;
			children = (
				4B75D8BE1A98C40B00A39394 /* scrollview_swiftTests.swift */,
				4B75D8BC1A98C40B00A39394 /* Supporting Files */,
			);
			path = "scrollview swiftTests";
			sourceTree = "<group>";
		};
		4B75D8BC1A98C40B00A39394 /* Supporting Files */ = {
			isa = PBXGroup;
			children = (
				4B75D8BD1A98C40B00A39394 /* Info.plist */,
			);
			name = "Supporting Files";
			sourceTree = "<group>";
		};
/* End PBXGroup section */

/* Begin PBXNativeTarget section */
		4B75D8A21A98C40B00A39394 /* scrollview swift */ = {
			isa = PBXNativeTarget;
			buildConfigurationList = 4B75D8C21A98C40B00A39394 /* Build configuration list for PBXNativeTarget "scrollview swift" */;
			buildPhases = (
				4B75D89F1A98C40B00A39394 /* Sources */,
				4B75D8A01A98C40B00A39394 /* Frameworks */,
				4B75D8A11A98C40B00A39394 /* Resources */,
			);
			buildRules = (
			);
			dependencies = (
			);
			name = "scrollview swift";
			productName = "scrollview swift";
			productReference = 4B75D8A31A98C40B00A39394 /* scrollview swift.app */;
			productType = "com.apple.product-type.application";
		};
		4B75D8B71A98C40B00A39394 /* scrollview swiftTests */ = {
			isa = PBXNativeTarget;
			buildConfigurationList = 4B75D8C51A98C40B00A39394 /* Build configuration list for PBXNativeTarget "scrollview swiftTests" */;
			buildPhases = (
				4B75D8B41A98C40B00A39394 /* Sources */,
				4B75D8B51A98C40B00A39394 /* Frameworks */,
				4B75D8B61A98C40B00A39394 /* Resources */,
			);
			buildRules = (
			);
			dependencies = (
				4B75D8BA1A98C40B00A39394 /* PBXTargetDependency */,
			);
			name = "scrollview swiftTests";
			productName = "scrollview swiftTests";
			productReference = 4B75D8B81A98C40B00A39394 /* scrollview swiftTests.xctest */;
			productType = "com.apple.product-type.bundle.unit-test";
		};
/* End PBXNativeTarget section */

/* Begin PBXProject section */
		4B75D89B1A98C40B00A39394 /* Project object */ = {
			isa = PBXProject;
			attributes = {
				LastUpgradeCheck = 0610;
				ORGANIZATIONNAME = mycompany;
				TargetAttributes = {
					4B75D8A21A98C40B00A39394 = {
						CreatedOnToolsVersion = 6.1.1;
					};
					4B75D8B71A98C40B00A39394 = {
						CreatedOnToolsVersion = 6.1.1;
						TestTargetID = 4B75D8A21A98C40B00A39394;
					};
				};
			};
			buildConfigurationList = 4B75D89E1A98C40B00A39394 /* Build configuration list for PBXProject "scrollview swift" */;
			compatibilityVersion = "Xcode 3.2";
			developmentRegion = English;
			hasScannedForEncodings = 0;
			knownRegions = (
				en,
				Base,
			);
			mainGroup = 4B75D89A1A98C40B00A39394;
			productRefGroup = 4B75D8A41A98C40B00A39394 /* Products */;
			projectDirPath = "";
			projectRoot = "";
			targets = (
				4B75D8A21A98C40B00A39394 /* scrollview swift */,
				4B75D8B71A98C40B00A39394 /* scrollview swiftTests */,
			);
		};
/* End PBXProject section */

/* Begin PBXResourcesBuildPhase section */
		4B75D8A11A98C40B00A39394 /* Resources */ = {
			isa = PBXResourcesBuildPhase;
			buildActionMask = 2147483647;
			files = (
				4B75D8AE1A98C40B00A39394 /* Main.storyboard in Resources */,
				4B75D8CB1A98C49300A39394 /* IMG_0604.JPG in Resources */,
				4B75D8B31A98C40B00A39394 /* LaunchScreen.xib in Resources */,
				4B75D8CD1A98C49300A39394 /* IMG_0585.JPG in Resources */,
				4B75D8CC1A98C49300A39394 /* IMG_0582.JPG in Resources */,
				4B75D8B01A98C40B00A39394 /* Images.xcassets in Resources */,
			);
			runOnlyForDeploymentPostprocessing = 0;
		};
		4B75D8B61A98C40B00A39394 /* Resources */ = {
			isa = PBXResourcesBuildPhase;
			buildActionMask = 2147483647;
			files = (
			);
			runOnlyForDeploymentPostprocessing = 0;
		};
/* End PBXResourcesBuildPhase section */

/* Begin PBXSourcesBuildPhase section */
		4B75D89F1A98C40B00A39394 /* Sources */ = {
			isa = PBXSourcesBuildPhase;
			buildActionMask = 2147483647;
			files = (
				4B75D8AB1A98C40B00A39394 /* ViewController.swift in Sources */,
				4B75D8A91A98C40B00A39394 /* AppDelegate.swift in Sources */,
			);
			runOnlyForDeploymentPostprocessing = 0;
		};
		4B75D8B41A98C40B00A39394 /* Sources */ = {
			isa = PBXSourcesBuildPhase;
			buildActionMask = 2147483647;
			files = (
				4B75D8BF1A98C40B00A39394 /* scrollview_swiftTests.swift in Sources */,
			);
			runOnlyForDeploymentPostprocessing = 0;
		};
/* End PBXSourcesBuildPhase section */

/* Begin PBXTargetDependency section */
		4B75D8BA1A98C40B00A39394 /* PBXTargetDependency */ = {
			isa = PBXTargetDependency;
			target = 4B75D8A21A98C40B00A39394 /* scrollview swift */;
			targetProxy = 4B75D8B91A98C40B00A39394 /* PBXContainerItemProxy */;
		};
/* End PBXTargetDependency section */

/* Begin PBXVariantGroup section */
		4B75D8AC1A98C40B00A39394 /* Main.storyboard */ = {
			isa = PBXVariantGroup;
			children = (
				4B75D8AD1A98C40B00A39394 /* Base */,
			);
			name = Main.storyboard;
			sourceTree = "<group>";
		};
		4B75D8B11A98C40B00A39394 /* LaunchScreen.xib */ = {
			isa = PBXVariantGroup;
			children = (
				4B75D8B21A98C40B00A39394 /* Base */,
			);
			name = LaunchScreen.xib;
			sourceTree = "<group>";
		};
/* End PBXVariantGroup section */

/* Begin XCBuildConfiguration section */
		4B75D8C01A98C40B00A39394 /* Debug */ = {
			isa = XCBuildConfiguration;
			buildSettings = {
				ALWAYS_SEARCH_USER_PATHS = NO;
				CLANG_CXX_LANGUAGE_STANDARD = "gnu++0x";
				CLANG_CXX_LIBRARY = "libc++";
				CLANG_ENABLE_MODULES = YES;
				CLANG_ENABLE_OBJC_ARC = YES;
				CLANG_WARN_BOOL_CONVERSION = YES;
				CLANG_WARN_CONSTANT_CONVERSION = YES;
				CLANG_WARN_DIRECT_OBJC_ISA_USAGE = YES_ERROR;
				CLANG_WARN_EMPTY_BODY = YES;
				CLANG_WARN_ENUM_CONVERSION = YES;
				CLANG_WARN_INT_CONVERSION = YES;
				CLANG_WARN_OBJC_ROOT_CLASS = YES_ERROR;
				CLANG_WARN_UNREACHABLE_CODE = YES;
				CLANG_WARN__DUPLICATE_METHOD_MATCH = YES;
				"CODE_SIGN_IDENTITY[sdk=iphoneos*]" = "iPhone Developer";
				COPY_PHASE_STRIP = NO;
				ENABLE_STRICT_OBJC_MSGSEND = YES;
				GCC_C_LANGUAGE_STANDARD = gnu99;
				GCC_DYNAMIC_NO_PIC = NO;
				GCC_OPTIMIZATION_LEVEL = 0;
				GCC_PREPROCESSOR_DEFINITIONS = (
					"DEBUG=1",
					"$(inherited)",
				);
				GCC_SYMBOLS_PRIVATE_EXTERN = NO;
				GCC_WARN_64_TO_32_BIT_CONVERSION = YES;
				GCC_WARN_ABOUT_RETURN_TYPE = YES_ERROR;
				GCC_WARN_UNDECLARED_SELECTOR = YES;
				GCC_WARN_UNINITIALIZED_AUTOS = YES_AGGRESSIVE;
				GCC_WARN_UNUSED_FUNCTION = YES;
				GCC_WARN_UNUSED_VARIABLE = YES;
				IPHONEOS_DEPLOYMENT_TARGET = 8.1;
				MTL_ENABLE_DEBUG_INFO = YES;
				ONLY_ACTIVE_ARCH = YES;
				SDKROOT = iphoneos;
				SWIFT_OPTIMIZATION_LEVEL = "-Onone";
			};
			name = Debug;
		};
		4B75D8C11A98C40B00A39394 /* Release */ = {
			isa = XCBuildConfiguration;
			buildSettings = {
				ALWAYS_SEARCH_USER_PATHS = NO;
				CLANG_CXX_LANGUAGE_STANDARD = "gnu++0x";
				CLANG_CXX_LIBRARY = "libc++";
				CLANG_ENABLE_MODULES = YES;
				CLANG_ENABLE_OBJC_ARC = YES;
				CLANG_WARN_BOOL_CONVERSION = YES;
				CLANG_WARN_CONSTANT_CONVERSION = YES;
				CLANG_WARN_DIRECT_OBJC_ISA_USAGE = YES_ERROR;
				CLANG_WARN_EMPTY_BODY = YES;
				CLANG_WARN_ENUM_CONVERSION = YES;
				CLANG_WARN_INT_CONVERSION = YES;
				CLANG_WARN_OBJC_ROOT_CLASS = YES_ERROR;
				CLANG_WARN_UNREACHABLE_CODE = YES;
				CLANG_WARN__DUPLICATE_METHOD_MATCH = YES;
				"CODE_SIGN_IDENTITY[sdk=iphoneos*]" = "iPhone Developer";
				COPY_PHASE_STRIP = YES;
				ENABLE_NS_ASSERTIONS = NO;
				ENABLE_STRICT_OBJC_MSGSEND = YES;
				GCC_C_LANGUAGE_STANDARD = gnu99;
				GCC_WARN_64_TO_32_BIT_CONVERSION = YES;
				GCC_WARN_ABOUT_RETURN_TYPE = YES_ERROR;
				GCC_WARN_UNDECLARED_SELECTOR = YES;
				GCC_WARN_UNINITIALIZED_AUTOS = YES_AGGRESSIVE;
				GCC_WARN_UNUSED_FUNCTION = YES;
				GCC_WARN_UNUSED_VARIABLE = YES;
				IPHONEOS_DEPLOYMENT_TARGET = 8.1;
				MTL_ENABLE_DEBUG_INFO = NO;
				SDKROOT = iphoneos;
				VALIDATE_PRODUCT = YES;
			};
			name = Release;
		};
		4B75D8C31A98C40B00A39394 /* Debug */ = {
			isa = XCBuildConfiguration;
			buildSettings = {
				ASSETCATALOG_COMPILER_APPICON_NAME = AppIcon;
				INFOPLIST_FILE = "scrollview swift/Info.plist";
				LD_RUNPATH_SEARCH_PATHS = "$(inherited) @executable_path/Frameworks";
				PRODUCT_NAME = "$(TARGET_NAME)";
			};
			name = Debug;
		};
		4B75D8C41A98C40B00A39394 /* Release */ = {
			isa = XCBuildConfiguration;
			buildSettings = {
				ASSETCATALOG_COMPILER_APPICON_NAME = AppIcon;
				INFOPLIST_FILE = "scrollview swift/Info.plist";
				LD_RUNPATH_SEARCH_PATHS = "$(inherited) @executable_path/Frameworks";
				PRODUCT_NAME = "$(TARGET_NAME)";
			};
			name = Release;
		};
		4B75D8C61A98C40B00A39394 /* Debug */ = {
			isa = XCBuildConfiguration;
			buildSettings = {
				BUNDLE_LOADER = "$(TEST_HOST)";
				FRAMEWORK_SEARCH_PATHS = (
					"$(SDKROOT)/Developer/Library/Frameworks",
					"$(inherited)",
				);
				GCC_PREPROCESSOR_DEFINITIONS = (
					"DEBUG=1",
					"$(inherited)",
				);
				INFOPLIST_FILE = "scrollview swiftTests/Info.plist";
				LD_RUNPATH_SEARCH_PATHS = "$(inherited) @executable_path/Frameworks @loader_path/Frameworks";
				PRODUCT_NAME = "$(TARGET_NAME)";
				TEST_HOST = "$(BUILT_PRODUCTS_DIR)/scrollview swift.app/scrollview swift";
			};
			name = Debug;
		};
		4B75D8C71A98C40B00A39394 /* Release */ = {
			isa = XCBuildConfiguration;
			buildSettings = {
				BUNDLE_LOADER = "$(TEST_HOST)";
				FRAMEWORK_SEARCH_PATHS = (
					"$(SDKROOT)/Developer/Library/Frameworks",
					"$(inherited)",
				);
				INFOPLIST_FILE = "scrollview swiftTests/Info.plist";
				LD_RUNPATH_SEARCH_PATHS = "$(inherited) @executable_path/Frameworks @loader_path/Frameworks";
				PRODUCT_NAME = "$(TARGET_NAME)";
				TEST_HOST = "$(BUILT_PRODUCTS_DIR)/scrollview swift.app/scrollview swift";
			};
			name = Release;
		};
/* End XCBuildConfiguration section */

/* Begin XCConfigurationList section */
		4B75D89E1A98C40B00A39394 /* Build configuration list for PBXProject "scrollview swift" */ = {
			isa = XCConfigurationList;
			buildConfigurations = (
				4B75D8C01A98C40B00A39394 /* Debug */,
				4B75D8C11A98C40B00A39394 /* Release */,
			);
			defaultConfigurationIsVisible = 0;
			defaultConfigurationName = Release;
		};
		4B75D8C21A98C40B00A39394 /* Build configuration list for PBXNativeTarget "scrollview swift" */ = {
			isa = XCConfigurationList;
			buildConfigurations = (
				4B75D8C31A98C40B00A39394 /* Debug */,
				4B75D8C41A98C40B00A39394 /* Release */,
			);
			defaultConfigurationIsVisible = 0;
		};
		4B75D8C51A98C40B00A39394 /* Build configuration list for PBXNativeTarget "scrollview swiftTests" */ = {
			isa = XCConfigurationList;
			buildConfigurations = (
				4B75D8C61A98C40B00A39394 /* Debug */,
				4B75D8C71A98C40B00A39394 /* Release */,
			);
			defaultConfigurationIsVisible = 0;
		};
/* End XCConfigurationList section */
	};
	rootObject = 4B75D89B1A98C40B00A39394 /* Project object */;
}
